
Microsoft Visual Studio Solution File, Format Version 12.00
# Visual Studio Version 17
VisualStudioVersion = 17.0.31903.59
MinimumVisualStudioVersion = 10.0.40219.1
Project("{FAE04EC0-301F-11D3-BF4B-00C04F79EFBC}") = "Parser.Core", "Parser.Core\Parser.Core.csproj", "{62222E5B-B7CA-41C6-895F-B7CC76DB48D9}"
EndProject
Project("{FAE04EC0-301F-11D3-BF4B-00C04F79EFBC}") = "Parser.Tests", "Parser.Tests\Parser.Tests.csproj", "{8C108940-0B53-43FD-AE4D-192F6B4F95D1}"
EndProject
Global
	GlobalSection(SolutionConfigurationPlatforms) = preSolution
		Debug|Any CPU = Debug|Any CPU
		Debug|x64 = Debug|x64
		Debug|x86 = Debug|x86
		Release|Any CPU = Release|Any CPU
		Release|x64 = Release|x64
		Release|x86 = Release|x86
	EndGlobalSection
	GlobalSection(ProjectConfigurationPlatforms) = postSolution
		{62222E5B-B7CA-41C6-895F-B7CC76DB48D9}.Debug|Any CPU.ActiveCfg = Debug|Any CPU
		{62222E5B-B7CA-41C6-895F-B7CC76DB48D9}.Debug|Any CPU.Build.0 = Debug|Any CPU
		{62222E5B-B7CA-41C6-895F-B7CC76DB48D9}.Debug|x64.ActiveCfg = Debug|Any CPU
		{62222E5B-B7CA-41C6-895F-B7CC76DB48D9}.Debug|x64.Build.0 = Debug|Any CPU
		{62222E5B-B7CA-41C6-895F-B7CC76DB48D9}.Debug|x86.ActiveCfg = Debug|Any CPU
		{62222E5B-B7CA-41C6-895F-B7CC76DB48D9}.Debug|x86.Build.0 = Debug|Any CPU
		{62222E5B-B7CA-41C6-895F-B7CC76DB48D9}.Release|Any CPU.ActiveCfg = Release|Any CPU
		{62222E5B-B7CA-41C6-895F-B7CC76DB48D9}.Release|Any CPU.Build.0 = Release|Any CPU
		{62222E5B-B7CA-41C6-895F-B7CC76DB48D9}.Release|x64.ActiveCfg = Release|Any CPU
		{62222E5B-B7CA-41C6-895F-B7CC76DB48D9}.Release|x64.Build.0 = Release|Any CPU
		{62222E5B-B7CA-41C6-895F-B7CC76DB48D9}.Release|x86.ActiveCfg = Release|Any CPU
		{62222E5B-B7CA-41C6-895F-B7CC76DB48D9}.Release|x86.Build.0 = Release|Any CPU
		{8C108940-0B53-43FD-AE4D-192F6B4F95D1}.Debug|Any CPU.ActiveCfg = Debug|Any CPU
		{8C108940-0B53-43FD-AE4D-192F6B4F95D1}.Debug|Any CPU.Build.0 = Debug|Any CPU
		{8C108940-0B53-43FD-AE4D-192F6B4F95D1}.Debug|x64.ActiveCfg = Debug|Any CPU
		{8C108940-0B53-43FD-AE4D-192F6B4F95D1}.Debug|x64.Build.0 = Debug|Any CPU
		{8C108940-0B53-43FD-AE4D-192F6B4F95D1}.Debug|x86.ActiveCfg = Debug|Any CPU
		{8C108940-0B53-43FD-AE4D-192F6B4F95D1}.Debug|x86.Build.0 = Debug|Any CPU
		{8C108940-0B53-43FD-AE4D-192F6B4F95D1}.Release|Any CPU.ActiveCfg = Release|Any CPU
		{8C108940-0B53-43FD-AE4D-192F6B4F95D1}.Release|Any CPU.Build.0 = Release|Any CPU
		{8C108940-0B53-43FD-AE4D-192F6B4F95D1}.Release|x64.ActiveCfg = Release|Any CPU
		{8C108940-0B53-43FD-AE4D-192F6B4F95D1}.Release|x64.Build.0 = Release|Any CPU
		{8C108940-0B53-43FD-AE4D-192F6B4F95D1}.Release|x86.ActiveCfg = Release|Any CPU
		{8C108940-0B53-43FD-AE4D-192F6B4F95D1}.Release|x86.Build.0 = Release|Any CPU
	EndGlobalSection
	GlobalSection(SolutionProperties) = preSolution
		HideSolutionNode = FALSE
	EndGlobalSection
EndGlobal
